
Microsoft Visual Studio Solution File, Format Version 12.00
# Visual Studio Version 16
VisualStudioVersion = 16.0.29409.12
MinimumVisualStudioVersion = 10.0.40219.1
Project("{FAE04EC0-301F-11D3-BF4B-00C04F79EFBC}") = "4", "4\4.csproj", "{4930B580-4570-4A0E-88D5-429D9871439D}"
EndProject
Global
	GlobalSection(SolutionConfigurationPlatforms) = preSolution
		Debug|Any CPU = Debug|Any CPU
		Release|Any CPU = Release|Any CPU
	EndGlobalSection
	GlobalSection(ProjectConfigurationPlatforms) = postSolution
		{4930B580-4570-4A0E-88D5-429D9871439D}.Debug|Any CPU.ActiveCfg = Debug|Any CPU
		{4930B580-4570-4A0E-88D5-429D9871439D}.Debug|Any CPU.Build.0 = Debug|Any CPU
		{4930B580-4570-4A0E-88D5-429D9871439D}.Release|Any CPU.ActiveCfg = Release|Any CPU
		{4930B580-4570-4A0E-88D5-429D9871439D}.Release|Any CPU.Build.0 = Release|Any CPU
	EndGlobalSection
	GlobalSection(SolutionProperties) = preSolution
		HideSolutionNode = FALSE
	EndGlobalSection
	GlobalSection(ExtensibilityGlobals) = postSolution
		SolutionGuid = {51CF6973-B1C3-4B74-83FD-9758AFDE51A3}
	EndGlobalSection
EndGlobal
